
Microsoft Visual Studio Solution File, Format Version 12.00
# Visual Studio 2013
VisualStudioVersion = 12.0.31101.0
MinimumVisualStudioVersion = 10.0.40219.1
Project("{FAE04EC0-301F-11D3-BF4B-00C04F79EFBC}") = "Wox.Skype", "Wox.Skype\Wox.Skype.csproj", "{04352C85-153B-4A5E-948B-157005EF14EB}"
EndProject
Project("{FAE04EC0-301F-11D3-BF4B-00C04F79EFBC}") = "Wox.Skype.Test", "Wox.Skype.Test\Wox.Skype.Test.csproj", "{9D4DBE36-276A-4E52-A527-C25CECC3DD42}"
EndProject
Project("{2150E333-8FDC-42A3-9474-1A3956D46DE8}") = "Solution Items", "Solution Items", "{D7FFF7E1-3045-4AB2-991D-39F5369617E9}"
	ProjectSection(SolutionItems) = preProject
		readme.md = readme.md
	EndProjectSection
EndProject
Project("{2150E333-8FDC-42A3-9474-1A3956D46DE8}") = "Dependencies", "Dependencies", "{3407A8C3-ECAB-4A58-BB18-57CE8E693B81}"
	ProjectSection(SolutionItems) = preProject
		Interop.SKYPE4COMLib.dll = Interop.SKYPE4COMLib.dll
	EndProjectSection
EndProject
Project("{2150E333-8FDC-42A3-9474-1A3956D46DE8}") = ".nuget", ".nuget", "{FB8AE817-3C58-4041-83D6-D61053BF80D0}"
	ProjectSection(SolutionItems) = preProject
		.nuget\packages.config = .nuget\packages.config
	EndProjectSection
EndProject
Global
	GlobalSection(SolutionConfigurationPlatforms) = preSolution
		Debug|Any CPU = Debug|Any CPU
		Release|Any CPU = Release|Any CPU
	EndGlobalSection
	GlobalSection(ProjectConfigurationPlatforms) = postSolution
		{04352C85-153B-4A5E-948B-157005EF14EB}.Debug|Any CPU.ActiveCfg = Debug|Any CPU
		{04352C85-153B-4A5E-948B-157005EF14EB}.Debug|Any CPU.Build.0 = Debug|Any CPU
		{04352C85-153B-4A5E-948B-157005EF14EB}.Release|Any CPU.ActiveCfg = Release|Any CPU
		{04352C85-153B-4A5E-948B-157005EF14EB}.Release|Any CPU.Build.0 = Release|Any CPU
		{9D4DBE36-276A-4E52-A527-C25CECC3DD42}.Debug|Any CPU.ActiveCfg = Debug|Any CPU
		{9D4DBE36-276A-4E52-A527-C25CECC3DD42}.Debug|Any CPU.Build.0 = Debug|Any CPU
		{9D4DBE36-276A-4E52-A527-C25CECC3DD42}.Release|Any CPU.ActiveCfg = Release|Any CPU
		{9D4DBE36-276A-4E52-A527-C25CECC3DD42}.Release|Any CPU.Build.0 = Release|Any CPU
	EndGlobalSection
	GlobalSection(SolutionProperties) = preSolution
		HideSolutionNode = FALSE
	EndGlobalSection
EndGlobal
